
Microsoft Visual Studio Solution File, Format Version 12.00
# Visual Studio Version 17
VisualStudioVersion = 17.2.32526.322
MinimumVisualStudioVersion = 10.0.40219.1
Project("{8BC9CEB8-8B4A-11D0-8D11-00A0C91BC942}") = "study6.05", "study6.05.vcxproj", "{775C1C02-5923-4428-9370-E31DF0469D6F}"
EndProject
Global
	GlobalSection(SolutionConfigurationPlatforms) = preSolution
		Debug|x64 = Debug|x64
		Debug|x86 = Debug|x86
		Release|x64 = Release|x64
		Release|x86 = Release|x86
	EndGlobalSection
	GlobalSection(ProjectConfigurationPlatforms) = postSolution
		{775C1C02-5923-4428-9370-E31DF0469D6F}.Debug|x64.ActiveCfg = Debug|x64
		{775C1C02-5923-4428-9370-E31DF0469D6F}.Debug|x64.Build.0 = Debug|x64
		{775C1C02-5923-4428-9370-E31DF0469D6F}.Debug|x86.ActiveCfg = Debug|Win32
		{775C1C02-5923-4428-9370-E31DF0469D6F}.Debug|x86.Build.0 = Debug|Win32
		{775C1C02-5923-4428-9370-E31DF0469D6F}.Release|x64.ActiveCfg = Release|x64
		{775C1C02-5923-4428-9370-E31DF0469D6F}.Release|x64.Build.0 = Release|x64
		{775C1C02-5923-4428-9370-E31DF0469D6F}.Release|x86.ActiveCfg = Release|Win32
		{775C1C02-5923-4428-9370-E31DF0469D6F}.Release|x86.Build.0 = Release|Win32
	EndGlobalSection
	GlobalSection(SolutionProperties) = preSolution
		HideSolutionNode = FALSE
	EndGlobalSection
	GlobalSection(ExtensibilityGlobals) = postSolution
		SolutionGuid = {0AE365E4-70A7-4DC2-BF30-7718F8CD9581}
	EndGlobalSection
EndGlobal
